
Microsoft Visual Studio Solution File, Format Version 12.00
Project("{FAE04EC0-301F-11D3-BF4B-00C04F79EFBC}") = "Ninja", "Ninja\Ninja.csproj", "{640F680B-06C2-4E3A-9AD7-47C54E8A833D}"
EndProject
Global
	GlobalSection(SolutionConfigurationPlatforms) = preSolution
		Debug|Any CPU = Debug|Any CPU
		Release|Any CPU = Release|Any CPU
	EndGlobalSection
	GlobalSection(ProjectConfigurationPlatforms) = postSolution
		{640F680B-06C2-4E3A-9AD7-47C54E8A833D}.Debug|Any CPU.ActiveCfg = Debug|Any CPU
		{640F680B-06C2-4E3A-9AD7-47C54E8A833D}.Debug|Any CPU.Build.0 = Debug|Any CPU
		{640F680B-06C2-4E3A-9AD7-47C54E8A833D}.Release|Any CPU.ActiveCfg = Release|Any CPU
		{640F680B-06C2-4E3A-9AD7-47C54E8A833D}.Release|Any CPU.Build.0 = Release|Any CPU
	EndGlobalSection
EndGlobal
